// !$*UTF8*$!
{
	archiveVersion = 1;
	classes = {
	};
	objectVersion = 46;
	objects = {

/* Begin PBXBuildFile section */
		081052161CDFDC1E006DD9CB /* BoardView.swift in Sources */ = {isa = PBXBuildFile; fileRef = 081052151CDFDC1E006DD9CB /* BoardView.swift */; };
		081052191CE15E43006DD9CB /* BoardTheme.swift in Sources */ = {isa = PBXBuildFile; fileRef = 081052181CE15E43006DD9CB /* BoardTheme.swift */; };
		0810521B1CE15F75006DD9CB /* SimpleTheme.swift in Sources */ = {isa = PBXBuildFile; fileRef = 0810521A1CE15F75006DD9CB /* SimpleTheme.swift */; };
		08B144911CEFF178000E6792 /* Main.swift in Sources */ = {isa = PBXBuildFile; fileRef = 08B1448F1CEFF178000E6792 /* Main.swift */; };
		08B144921CEFF178000E6792 /* Main.xib in Resources */ = {isa = PBXBuildFile; fileRef = 08B144901CEFF178000E6792 /* Main.xib */; };
		08B144961CEFFB25000E6792 /* MainWindow.swift in Sources */ = {isa = PBXBuildFile; fileRef = 08B144941CEFFB25000E6792 /* MainWindow.swift */; };
		08B144971CEFFB25000E6792 /* MainWindow.xib in Resources */ = {isa = PBXBuildFile; fileRef = 08B144951CEFFB25000E6792 /* MainWindow.xib */; };
		08B144991CEFFCD2000E6792 /* BoardViewController.swift in Sources */ = {isa = PBXBuildFile; fileRef = 08B144981CEFFCD2000E6792 /* BoardViewController.swift */; };
		08DC7E1A1CDE2D8600909468 /* AppDelegate.swift in Sources */ = {isa = PBXBuildFile; fileRef = 08DC7E191CDE2D8600909468 /* AppDelegate.swift */; };
		08DC7E1C1CDE2D8600909468 /* ViewController.swift in Sources */ = {isa = PBXBuildFile; fileRef = 08DC7E1B1CDE2D8600909468 /* ViewController.swift */; };
		08DC7E1E1CDE2D8600909468 /* Assets.xcassets in Resources */ = {isa = PBXBuildFile; fileRef = 08DC7E1D1CDE2D8600909468 /* Assets.xcassets */; };
		08DC7E2A1CDE2E0100909468 /* Board.swift in Sources */ = {isa = PBXBuildFile; fileRef = 08DC7E291CDE2E0100909468 /* Board.swift */; };
		08DC7E2C1CDE3A0D00909468 /* Tile.swift in Sources */ = {isa = PBXBuildFile; fileRef = 08DC7E2B1CDE3A0D00909468 /* Tile.swift */; };
		08DC7E2E1CDE438200909468 /* BoardObserver.swift in Sources */ = {isa = PBXBuildFile; fileRef = 08DC7E2D1CDE438200909468 /* BoardObserver.swift */; };
		08DC7E311CDEE22800909468 /* tui.swift in Sources */ = {isa = PBXBuildFile; fileRef = 08DC7E301CDEE22800909468 /* tui.swift */; };
/* End PBXBuildFile section */

/* Begin PBXFileReference section */
		081052151CDFDC1E006DD9CB /* BoardView.swift */ = {isa = PBXFileReference; fileEncoding = 4; lastKnownFileType = sourcecode.swift; name = BoardView.swift; path = views/BoardView.swift; sourceTree = "<group>"; };
		081052181CE15E43006DD9CB /* BoardTheme.swift */ = {isa = PBXFileReference; fileEncoding = 4; lastKnownFileType = sourcecode.swift; name = BoardTheme.swift; path = views/themes/BoardTheme.swift; sourceTree = "<group>"; };
		0810521A1CE15F75006DD9CB /* SimpleTheme.swift */ = {isa = PBXFileReference; fileEncoding = 4; lastKnownFileType = sourcecode.swift; name = SimpleTheme.swift; path = views/themes/SimpleTheme.swift; sourceTree = "<group>"; };
		08B1448E1CEFEF57000E6792 /* Minesweeper.entitlements */ = {isa = PBXFileReference; lastKnownFileType = text.xml; path = Minesweeper.entitlements; sourceTree = "<group>"; };
		08B1448F1CEFF178000E6792 /* Main.swift */ = {isa = PBXFileReference; fileEncoding = 4; lastKnownFileType = sourcecode.swift; path = Main.swift; sourceTree = "<group>"; };
		08B144901CEFF178000E6792 /* Main.xib */ = {isa = PBXFileReference; fileEncoding = 4; lastKnownFileType = file.xib; path = Main.xib; sourceTree = "<group>"; };
		08B144941CEFFB25000E6792 /* MainWindow.swift */ = {isa = PBXFileReference; fileEncoding = 4; lastKnownFileType = sourcecode.swift; name = MainWindow.swift; path = Minesweeper/viewcontrollers/MainWindow.swift; sourceTree = "<group>"; };
		08B144951CEFFB25000E6792 /* MainWindow.xib */ = {isa = PBXFileReference; fileEncoding = 4; lastKnownFileType = file.xib; name = MainWindow.xib; path = Minesweeper/viewcontrollers/MainWindow.xib; sourceTree = "<group>"; };
		08B144981CEFFCD2000E6792 /* BoardViewController.swift */ = {isa = PBXFileReference; fileEncoding = 4; lastKnownFileType = sourcecode.swift; name = BoardViewController.swift; path = Minesweeper/viewcontrollers/BoardViewController.swift; sourceTree = "<group>"; };
		08DC7E161CDE2D8600909468 /* Minesweeper.app */ = {isa = PBXFileReference; explicitFileType = wrapper.application; includeInIndex = 0; path = Minesweeper.app; sourceTree = BUILT_PRODUCTS_DIR; };
		08DC7E191CDE2D8600909468 /* AppDelegate.swift */ = {isa = PBXFileReference; lastKnownFileType = sourcecode.swift; path = AppDelegate.swift; sourceTree = "<group>"; };
		08DC7E1B1CDE2D8600909468 /* ViewController.swift */ = {isa = PBXFileReference; lastKnownFileType = sourcecode.swift; path = ViewController.swift; sourceTree = "<group>"; };
		08DC7E1D1CDE2D8600909468 /* Assets.xcassets */ = {isa = PBXFileReference; lastKnownFileType = folder.assetcatalog; path = Assets.xcassets; sourceTree = "<group>"; };
		08DC7E201CDE2D8600909468 /* Base */ = {isa = PBXFileReference; lastKnownFileType = file.storyboard; name = Base; path = Base.lproj/Main.storyboard; sourceTree = "<group>"; };
		08DC7E221CDE2D8600909468 /* Info.plist */ = {isa = PBXFileReference; lastKnownFileType = text.plist.xml; path = Info.plist; sourceTree = "<group>"; };
		08DC7E291CDE2E0100909468 /* Board.swift */ = {isa = PBXFileReference; fileEncoding = 4; lastKnownFileType = sourcecode.swift; path = Board.swift; sourceTree = "<group>"; };
		08DC7E2B1CDE3A0D00909468 /* Tile.swift */ = {isa = PBXFileReference; fileEncoding = 4; lastKnownFileType = sourcecode.swift; path = Tile.swift; sourceTree = "<group>"; };
		08DC7E2D1CDE438200909468 /* BoardObserver.swift */ = {isa = PBXFileReference; fileEncoding = 4; lastKnownFileType = sourcecode.swift; path = BoardObserver.swift; sourceTree = "<group>"; };
		08DC7E301CDEE22800909468 /* tui.swift */ = {isa = PBXFileReference; fileEncoding = 4; lastKnownFileType = sourcecode.swift; path = tui.swift; sourceTree = "<group>"; };
/* End PBXFileReference section */

/* Begin PBXFrameworksBuildPhase section */
		08DC7E131CDE2D8600909468 /* Frameworks */ = {
			isa = PBXFrameworksBuildPhase;
			buildActionMask = 2147483647;
			files = (
			);
			runOnlyForDeploymentPostprocessing = 0;
		};
/* End PBXFrameworksBuildPhase section */

/* Begin PBXGroup section */
		081052141CDFDC09006DD9CB /* Views */ = {
			isa = PBXGroup;
			children = (
				081052171CE15E22006DD9CB /* Themes */,
				081052151CDFDC1E006DD9CB /* BoardView.swift */,
			);
			name = Views;
			sourceTree = "<group>";
		};
		081052171CE15E22006DD9CB /* Themes */ = {
			isa = PBXGroup;
			children = (
				081052181CE15E43006DD9CB /* BoardTheme.swift */,
				0810521A1CE15F75006DD9CB /* SimpleTheme.swift */,
			);
			name = Themes;
			sourceTree = "<group>";
		};
		08B144931CEFFAFD000E6792 /* ViewControllers */ = {
			isa = PBXGroup;
			children = (
				08B144941CEFFB25000E6792 /* MainWindow.swift */,
				08B144951CEFFB25000E6792 /* MainWindow.xib */,
				08B144981CEFFCD2000E6792 /* BoardViewController.swift */,
			);
			name = ViewControllers;
			path = ..;
			sourceTree = "<group>";
		};
		08DC7E0D1CDE2D8600909468 = {
			isa = PBXGroup;
			children = (
				08DC7E181CDE2D8600909468 /* Minesweeper */,
				08DC7E171CDE2D8600909468 /* Products */,
			);
			sourceTree = "<group>";
		};
		08DC7E171CDE2D8600909468 /* Products */ = {
			isa = PBXGroup;
			children = (
				08DC7E161CDE2D8600909468 /* Minesweeper.app */,
			);
			name = Products;
			sourceTree = "<group>";
		};
		08DC7E181CDE2D8600909468 /* Minesweeper */ = {
			isa = PBXGroup;
			children = (
				08B1448E1CEFEF57000E6792 /* Minesweeper.entitlements */,
				08DC7E2F1CDEE20900909468 /* TUI */,
				08B144931CEFFAFD000E6792 /* ViewControllers */,
				081052141CDFDC09006DD9CB /* Views */,
				08DC7E281CDE2DEC00909468 /* Model */,
				08DC7E191CDE2D8600909468 /* AppDelegate.swift */,
				08DC7E1B1CDE2D8600909468 /* ViewController.swift */,
				08B1448F1CEFF178000E6792 /* Main.swift */,
				08B144901CEFF178000E6792 /* Main.xib */,
				08DC7E1D1CDE2D8600909468 /* Assets.xcassets */,
				08DC7E1F1CDE2D8600909468 /* Main.storyboard */,
				08DC7E221CDE2D8600909468 /* Info.plist */,
			);
			path = Minesweeper;
			sourceTree = "<group>";
		};
		08DC7E281CDE2DEC00909468 /* Model */ = {
			isa = PBXGroup;
			children = (
				08DC7E291CDE2E0100909468 /* Board.swift */,
				08DC7E2B1CDE3A0D00909468 /* Tile.swift */,
				08DC7E2D1CDE438200909468 /* BoardObserver.swift */,
			);
			name = Model;
			sourceTree = "<group>";
		};
		08DC7E2F1CDEE20900909468 /* TUI */ = {
			isa = PBXGroup;
			children = (
				08DC7E301CDEE22800909468 /* tui.swift */,
			);
			name = TUI;
			sourceTree = "<group>";
		};
/* End PBXGroup section */

/* Begin PBXNativeTarget section */
		08DC7E151CDE2D8600909468 /* Minesweeper */ = {
			isa = PBXNativeTarget;
			buildConfigurationList = 08DC7E251CDE2D8600909468 /* Build configuration list for PBXNativeTarget "Minesweeper" */;
			buildPhases = (
				08DC7E121CDE2D8600909468 /* Sources */,
				08DC7E131CDE2D8600909468 /* Frameworks */,
				08DC7E141CDE2D8600909468 /* Resources */,
			);
			buildRules = (
			);
			dependencies = (
			);
			name = Minesweeper;
			productName = Minesweeper;
			productReference = 08DC7E161CDE2D8600909468 /* Minesweeper.app */;
			productType = "com.apple.product-type.application";
		};
/* End PBXNativeTarget section */

/* Begin PBXProject section */
		08DC7E0E1CDE2D8600909468 /* Project object */ = {
			isa = PBXProject;
			attributes = {
				LastSwiftUpdateCheck = 0730;
				LastUpgradeCheck = 0730;
				ORGANIZATIONNAME = "John Rizkalla";
				TargetAttributes = {
					08DC7E151CDE2D8600909468 = {
						CreatedOnToolsVersion = 7.3.1;
						SystemCapabilities = {
							com.apple.Sandbox = {
								enabled = 0;
							};
						};
					};
				};
			};
			buildConfigurationList = 08DC7E111CDE2D8600909468 /* Build configuration list for PBXProject "Minesweeper" */;
			compatibilityVersion = "Xcode 3.2";
			developmentRegion = English;
			hasScannedForEncodings = 0;
			knownRegions = (
				en,
				Base,
			);
			mainGroup = 08DC7E0D1CDE2D8600909468;
			productRefGroup = 08DC7E171CDE2D8600909468 /* Products */;
			projectDirPath = "";
			projectRoot = "";
			targets = (
				08DC7E151CDE2D8600909468 /* Minesweeper */,
			);
		};
/* End PBXProject section */

/* Begin PBXResourcesBuildPhase section */
		08DC7E141CDE2D8600909468 /* Resources */ = {
			isa = PBXResourcesBuildPhase;
			buildActionMask = 2147483647;
			files = (
				08DC7E1E1CDE2D8600909468 /* Assets.xcassets in Resources */,
				08B144921CEFF178000E6792 /* Main.xib in Resources */,
				08B144971CEFFB25000E6792 /* MainWindow.xib in Resources */,
			);
			runOnlyForDeploymentPostprocessing = 0;
		};
/* End PBXResourcesBuildPhase section */

/* Begin PBXSourcesBuildPhase section */
		08DC7E121CDE2D8600909468 /* Sources */ = {
			isa = PBXSourcesBuildPhase;
			buildActionMask = 2147483647;
			files = (
				0810521B1CE15F75006DD9CB /* SimpleTheme.swift in Sources */,
				081052161CDFDC1E006DD9CB /* BoardView.swift in Sources */,
				08B144911CEFF178000E6792 /* Main.swift in Sources */,
				081052191CE15E43006DD9CB /* BoardTheme.swift in Sources */,
				08DC7E1C1CDE2D8600909468 /* ViewController.swift in Sources */,
				08DC7E1A1CDE2D8600909468 /* AppDelegate.swift in Sources */,
				08DC7E311CDEE22800909468 /* tui.swift in Sources */,
				08DC7E2A1CDE2E0100909468 /* Board.swift in Sources */,
				08DC7E2E1CDE438200909468 /* BoardObserver.swift in Sources */,
				08B144961CEFFB25000E6792 /* MainWindow.swift in Sources */,
				08DC7E2C1CDE3A0D00909468 /* Tile.swift in Sources */,
				08B144991CEFFCD2000E6792 /* BoardViewController.swift in Sources */,
			);
			runOnlyForDeploymentPostprocessing = 0;
		};
/* End PBXSourcesBuildPhase section */

/* Begin PBXVariantGroup section */
		08DC7E1F1CDE2D8600909468 /* Main.storyboard */ = {
			isa = PBXVariantGroup;
			children = (
				08DC7E201CDE2D8600909468 /* Base */,
			);
			name = Main.storyboard;
			sourceTree = "<group>";
		};
/* End PBXVariantGroup section */

/* Begin XCBuildConfiguration section */
		08DC7E231CDE2D8600909468 /* Debug */ = {
			isa = XCBuildConfiguration;
			buildSettings = {
				ALWAYS_SEARCH_USER_PATHS = NO;
				CLANG_ANALYZER_NONNULL = YES;
				CLANG_CXX_LANGUAGE_STANDARD = "gnu++0x";
				CLANG_CXX_LIBRARY = "libc++";
				CLANG_ENABLE_MODULES = YES;
				CLANG_ENABLE_OBJC_ARC = YES;
				CLANG_WARN_BOOL_CONVERSION = YES;
				CLANG_WARN_CONSTANT_CONVERSION = YES;
				CLANG_WARN_DIRECT_OBJC_ISA_USAGE = YES_ERROR;
				CLANG_WARN_EMPTY_BODY = YES;
				CLANG_WARN_ENUM_CONVERSION = YES;
				CLANG_WARN_INT_CONVERSION = YES;
				CLANG_WARN_OBJC_ROOT_CLASS = YES_ERROR;
				CLANG_WARN_UNREACHABLE_CODE = YES;
				CLANG_WARN__DUPLICATE_METHOD_MATCH = YES;
				CODE_SIGN_IDENTITY = "-";
				COPY_PHASE_STRIP = NO;
				DEBUG_INFORMATION_FORMAT = dwarf;
				ENABLE_STRICT_OBJC_MSGSEND = YES;
				ENABLE_TESTABILITY = YES;
				GCC_C_LANGUAGE_STANDARD = gnu99;
				GCC_DYNAMIC_NO_PIC = NO;
				GCC_NO_COMMON_BLOCKS = YES;
				GCC_OPTIMIZATION_LEVEL = 0;
				GCC_PREPROCESSOR_DEFINITIONS = (
					"DEBUG=1",
					"$(inherited)",
				);
				GCC_WARN_64_TO_32_BIT_CONVERSION = YES;
				GCC_WARN_ABOUT_RETURN_TYPE = YES_ERROR;
				GCC_WARN_UNDECLARED_SELECTOR = YES;
				GCC_WARN_UNINITIALIZED_AUTOS = YES_AGGRESSIVE;
				GCC_WARN_UNUSED_FUNCTION = YES;
				GCC_WARN_UNUSED_VARIABLE = YES;
				MACOSX_DEPLOYMENT_TARGET = 10.11;
				MTL_ENABLE_DEBUG_INFO = YES;
				ONLY_ACTIVE_ARCH = YES;
				SDKROOT = macosx;
				SWIFT_OPTIMIZATION_LEVEL = "-Onone";
			};
			name = Debug;
		};
		08DC7E241CDE2D8600909468 /* Release */ = {
			isa = XCBuildConfiguration;
			buildSettings = {
				ALWAYS_SEARCH_USER_PATHS = NO;
				CLANG_ANALYZER_NONNULL = YES;
				CLANG_CXX_LANGUAGE_STANDARD = "gnu++0x";
				CLANG_CXX_LIBRARY = "libc++";
				CLANG_ENABLE_MODULES = YES;
				CLANG_ENABLE_OBJC_ARC = YES;
				CLANG_WARN_BOOL_CONVERSION = YES;
				CLANG_WARN_CONSTANT_CONVERSION = YES;
				CLANG_WARN_DIRECT_OBJC_ISA_USAGE = YES_ERROR;
				CLANG_WARN_EMPTY_BODY = YES;
				CLANG_WARN_ENUM_CONVERSION = YES;
				CLANG_WARN_INT_CONVERSION = YES;
				CLANG_WARN_OBJC_ROOT_CLASS = YES_ERROR;
				CLANG_WARN_UNREACHABLE_CODE = YES;
				CLANG_WARN__DUPLICATE_METHOD_MATCH = YES;
				CODE_SIGN_IDENTITY = "-";
				COPY_PHASE_STRIP = NO;
				DEBUG_INFORMATION_FORMAT = "dwarf-with-dsym";
				ENABLE_NS_ASSERTIONS = NO;
				ENABLE_STRICT_OBJC_MSGSEND = YES;
				GCC_C_LANGUAGE_STANDARD = gnu99;
				GCC_NO_COMMON_BLOCKS = YES;
				GCC_WARN_64_TO_32_BIT_CONVERSION = YES;
				GCC_WARN_ABOUT_RETURN_TYPE = YES_ERROR;
				GCC_WARN_UNDECLARED_SELECTOR = YES;
				GCC_WARN_UNINITIALIZED_AUTOS = YES_AGGRESSIVE;
				GCC_WARN_UNUSED_FUNCTION = YES;
				GCC_WARN_UNUSED_VARIABLE = YES;
				MACOSX_DEPLOYMENT_TARGET = 10.11;
				MTL_ENABLE_DEBUG_INFO = NO;
				SDKROOT = macosx;
			};
			name = Release;
		};
		08DC7E261CDE2D8600909468 /* Debug */ = {
			isa = XCBuildConfiguration;
			buildSettings = {
				ASSETCATALOG_COMPILER_APPICON_NAME = AppIcon;
				COMBINE_HIDPI_IMAGES = YES;
				INFOPLIST_FILE = Minesweeper/Info.plist;
				LD_RUNPATH_SEARCH_PATHS = "$(inherited) @executable_path/../Frameworks";
				PRODUCT_BUNDLE_IDENTIFIER = "John-Rizkalla.Minesweeper";
				PRODUCT_NAME = "$(TARGET_NAME)";
			};
			name = Debug;
		};
		08DC7E271CDE2D8600909468 /* Release */ = {
			isa = XCBuildConfiguration;
			buildSettings = {
				ASSETCATALOG_COMPILER_APPICON_NAME = AppIcon;
				COMBINE_HIDPI_IMAGES = YES;
				INFOPLIST_FILE = Minesweeper/Info.plist;
				LD_RUNPATH_SEARCH_PATHS = "$(inherited) @executable_path/../Frameworks";
				PRODUCT_BUNDLE_IDENTIFIER = "John-Rizkalla.Minesweeper";
				PRODUCT_NAME = "$(TARGET_NAME)";
			};
			name = Release;
		};
/* End XCBuildConfiguration section */

/* Begin XCConfigurationList section */
		08DC7E111CDE2D8600909468 /* Build configuration list for PBXProject "Minesweeper" */ = {
			isa = XCConfigurationList;
			buildConfigurations = (
				08DC7E231CDE2D8600909468 /* Debug */,
				08DC7E241CDE2D8600909468 /* Release */,
			);
			defaultConfigurationIsVisible = 0;
			defaultConfigurationName = Release;
		};
		08DC7E251CDE2D8600909468 /* Build configuration list for PBXNativeTarget "Minesweeper" */ = {
			isa = XCConfigurationList;
			buildConfigurations = (
				08DC7E261CDE2D8600909468 /* Debug */,
				08DC7E271CDE2D8600909468 /* Release */,
			);
			defaultConfigurationIsVisible = 0;
			defaultConfigurationName = Release;
		};
/* End XCConfigurationList section */
	};
	rootObject = 08DC7E0E1CDE2D8600909468 /* Project object */;
}
